<?xml version="1.0" encoding="utf-8"?>
<Project ToolsVersion="4.0" xmlns="http://schemas.microsoft.com/developer/msbuild/2003">
  <ItemGroup>
    <ClCompile Include="main.cpp" />
  </ItemGroup>
  <ItemGroup>
    <ClInclude Include="FrameSource\CaptureFrameSource.hpp">
      <Filter>FrameSource</Filter>
    </ClInclude>
    <ClInclude Include="FrameSource\EmptyFrameSource.hpp">
      <Filter>FrameSource</Filter>
    </ClInclude>
    <ClInclude Include="Utils\Util.hpp">
      <Filter>Utils</Filter>
    </ClInclude>
    <ClInclude Include="Utils\PerformanceUtil.hpp">
      <Filter>Utils</Filter>
    </ClInclude>
    <ClInclude Include="Utils\ConfidenceMapUtil.hpp">
      <Filter>Utils</Filter>
    </ClInclude>
    <ClInclude Include="Models\FourLimits.hpp">
      <Filter>Models</Filter>
    </ClInclude>
    <ClInclude Include="Models\FieldType.hpp">
      <Filter>Models</Filter>
    </ClInclude>
    <ClInclude Include="Monitor\Monitor.hpp">
      <Filter>Monitor</Filter>
    </ClInclude>
    <ClInclude Include="Monitor\MonitorFactory.hpp">
      <Filter>Monitor</Filter>
    </ClInclude>
    <ClInclude Include="PreProcessor\PreProcessor.hpp">
      <Filter>PreProcessor</Filter>
    </ClInclude>
    <ClInclude Include="Utils\SpecialUtil.hpp">
      <Filter>Utils</Filter>
    </ClInclude>
    <ClInclude Include="FrameSource\VideoFrameSource.hpp">
      <Filter>FrameSource</Filter>
    </ClInclude>
    <ClInclude Include="Models\ConfidenceElem.hpp">
      <Filter>Models</Filter>
    </ClInclude>
    <ClInclude Include="Models\DifferenceElem.hpp">
      <Filter>Models</Filter>
    </ClInclude>
    <ClInclude Include="Detector\DetectByBinaryBitMap.hpp">
      <Filter>Detector</Filter>
    </ClInclude>
    <ClInclude Include="Detector\DetectByDiscontinuity.hpp">
      <Filter>Detector</Filter>
    </ClInclude>
    <ClInclude Include="Detector\DetectByMaxFilterAndAdptiveThreshold.hpp">
      <Filter>Detector</Filter>
    </ClInclude>
    <ClInclude Include="Detector\DetectByMultiscaleLocalDifference.hpp">
      <Filter>Detector</Filter>
    </ClInclude>
    <ClInclude Include="Models\DrawResultType.hpp">
      <Filter>Models</Filter>
    </ClInclude>
    <ClInclude Include="FramePersistance\FramePersistance.hpp">
      <Filter>FramePersistance</Filter>
    </ClInclude>
    <ClInclude Include="FramePersistance\FramePersistanceFactory.hpp">
      <Filter>FramePersistance</Filter>
    </ClInclude>
    <ClInclude Include="FrameSource\FrameSource.hpp">
      <Filter>FrameSource</Filter>
    </ClInclude>
    <ClInclude Include="FrameSource\FrameSourceFactory.hpp">
      <Filter>FrameSource</Filter>
    </ClInclude>
    <ClInclude Include="Utils\GlobalInitialUtil.hpp">
      <Filter>Utils</Filter>
    </ClInclude>
    <ClInclude Include="Tracker\TargetTracker.hpp">
      <Filter>Tracker</Filter>
    </ClInclude>
    <ClInclude Include="Headers\GlobalConstantConfigure.h">
      <Filter>Headers</Filter>
    </ClInclude>
    <ClInclude Include="FrameSource\ImageListFrameSource.hpp">
      <Filter>FrameSource</Filter>
    </ClInclude>
    <ClInclude Include="FrameSource\ImageListReader\ImageListReader.hpp">
      <Filter>FrameSource\ImageListReader</Filter>
    </ClInclude>
    <ClInclude Include="FrameSource\ImageListReader\ImageListReaderBase.hpp">
      <Filter>FrameSource\ImageListReader</Filter>
    </ClInclude>
    <ClInclude Include="PreProcessor\PreProcesssorFactory.hpp">
      <Filter>PreProcessor</Filter>
    </ClInclude>
  </ItemGroup>
  <ItemGroup>
    <Filter Include="Monitor">
      <UniqueIdentifier>{030966b3-a0d4-4935-a9c0-f9d1f5df1a51}</UniqueIdentifier>
    </Filter>
    <Filter Include="Tracker">
      <UniqueIdentifier>{1825e278-866e-45dc-b83a-fc598048aff0}</UniqueIdentifier>
    </Filter>
    <Filter Include="PreProcessor">
      <UniqueIdentifier>{add153f4-c6d1-4d38-ae8b-c9f3340b2fa2}</UniqueIdentifier>
    </Filter>
    <Filter Include="FrameSource">
      <UniqueIdentifier>{13ed7c2e-05e2-43cf-973b-4fb0be369ccf}</UniqueIdentifier>
    </Filter>
    <Filter Include="FramePersistance">
      <UniqueIdentifier>{1f38e67b-3151-4ae0-9c2d-ae3f4ee61d18}</UniqueIdentifier>
    </Filter>
    <Filter Include="Utils">
      <UniqueIdentifier>{99b377b0-f4bd-40c6-bcaa-6e50111f1e86}</UniqueIdentifier>
    </Filter>
    <Filter Include="Headers">
      <UniqueIdentifier>{da624d20-b397-4e52-9ba4-4150d531964c}</UniqueIdentifier>
    </Filter>
    <Filter Include="Models">
      <UniqueIdentifier>{9ae40aae-a478-4559-9958-a59a2b4e0dca}</UniqueIdentifier>
    </Filter>
    <Filter Include="Detector">
      <UniqueIdentifier>{d5653c2c-f653-49e7-b162-156701284498}</UniqueIdentifier>
    </Filter>
    <Filter Include="FrameSource\ImageListReader">
      <UniqueIdentifier>{993a16ca-8a6e-4ca4-aea3-892f31e6aaee}</UniqueIdentifier>
    </Filter>
  </ItemGroup>
</Project>